
Microsoft Visual Studio Solution File, Format Version 12.00
# Visual Studio 14
VisualStudioVersion = 14.0.25420.1
MinimumVisualStudioVersion = 10.0.40219.1
Project("{FAE04EC0-301F-11D3-BF4B-00C04F79EFBC}") = "01.GenericBoxString", "..\..\..\..\VisualStudio2015\Projects\C#_OOP_Advance\02.Generics\Solution1\01.GenericBoxString\01.GenericBoxString.csproj", "{0F42E9C6-110E-4029-BA96-2A45547C5039}"
EndProject
Global
	GlobalSection(SolutionConfigurationPlatforms) = preSolution
		Debug|Any CPU = Debug|Any CPU
		Release|Any CPU = Release|Any CPU
	EndGlobalSection
	GlobalSection(ProjectConfigurationPlatforms) = postSolution
		{0F42E9C6-110E-4029-BA96-2A45547C5039}.Debug|Any CPU.ActiveCfg = Debug|Any CPU
		{0F42E9C6-110E-4029-BA96-2A45547C5039}.Debug|Any CPU.Build.0 = Debug|Any CPU
		{0F42E9C6-110E-4029-BA96-2A45547C5039}.Release|Any CPU.ActiveCfg = Release|Any CPU
		{0F42E9C6-110E-4029-BA96-2A45547C5039}.Release|Any CPU.Build.0 = Release|Any CPU
	EndGlobalSection
	GlobalSection(SolutionProperties) = preSolution
		HideSolutionNode = FALSE
	EndGlobalSection
EndGlobal
